
Microsoft Visual Studio Solution File, Format Version 12.00
# Visual Studio 15
VisualStudioVersion = 15.0.26124.0
MinimumVisualStudioVersion = 15.0.26124.0
Project("{FAE04EC0-301F-11D3-BF4B-00C04F79EFBC}") = "Example.API", "Example.API\Example.API.csproj", "{8726268D-AD22-42D1-A6D9-21E4E3A485D6}"
EndProject
Project("{FAE04EC0-301F-11D3-BF4B-00C04F79EFBC}") = "Example.Data", "Example.Data\Example.Data.csproj", "{FD4D7112-7040-4C28-8CAD-3093009AD0BA}"
EndProject
Project("{FAE04EC0-301F-11D3-BF4B-00C04F79EFBC}") = "Example.Model", "Example.Model\Example.Model.csproj", "{B647A18D-61CD-4C6F-BAC3-B18D22294508}"
EndProject
Global
	GlobalSection(SolutionConfigurationPlatforms) = preSolution
		Debug|Any CPU = Debug|Any CPU
		Debug|x64 = Debug|x64
		Debug|x86 = Debug|x86
		Release|Any CPU = Release|Any CPU
		Release|x64 = Release|x64
		Release|x86 = Release|x86
	EndGlobalSection
	GlobalSection(SolutionProperties) = preSolution
		HideSolutionNode = FALSE
	EndGlobalSection
	GlobalSection(ProjectConfigurationPlatforms) = postSolution
		{8726268D-AD22-42D1-A6D9-21E4E3A485D6}.Debug|Any CPU.ActiveCfg = Debug|Any CPU
		{8726268D-AD22-42D1-A6D9-21E4E3A485D6}.Debug|Any CPU.Build.0 = Debug|Any CPU
		{8726268D-AD22-42D1-A6D9-21E4E3A485D6}.Debug|x64.ActiveCfg = Debug|x64
		{8726268D-AD22-42D1-A6D9-21E4E3A485D6}.Debug|x64.Build.0 = Debug|x64
		{8726268D-AD22-42D1-A6D9-21E4E3A485D6}.Debug|x86.ActiveCfg = Debug|x86
		{8726268D-AD22-42D1-A6D9-21E4E3A485D6}.Debug|x86.Build.0 = Debug|x86
		{8726268D-AD22-42D1-A6D9-21E4E3A485D6}.Release|Any CPU.ActiveCfg = Release|Any CPU
		{8726268D-AD22-42D1-A6D9-21E4E3A485D6}.Release|Any CPU.Build.0 = Release|Any CPU
		{8726268D-AD22-42D1-A6D9-21E4E3A485D6}.Release|x64.ActiveCfg = Release|x64
		{8726268D-AD22-42D1-A6D9-21E4E3A485D6}.Release|x64.Build.0 = Release|x64
		{8726268D-AD22-42D1-A6D9-21E4E3A485D6}.Release|x86.ActiveCfg = Release|x86
		{8726268D-AD22-42D1-A6D9-21E4E3A485D6}.Release|x86.Build.0 = Release|x86
		{FD4D7112-7040-4C28-8CAD-3093009AD0BA}.Debug|Any CPU.ActiveCfg = Debug|Any CPU
		{FD4D7112-7040-4C28-8CAD-3093009AD0BA}.Debug|Any CPU.Build.0 = Debug|Any CPU
		{FD4D7112-7040-4C28-8CAD-3093009AD0BA}.Debug|x64.ActiveCfg = Debug|x64
		{FD4D7112-7040-4C28-8CAD-3093009AD0BA}.Debug|x64.Build.0 = Debug|x64
		{FD4D7112-7040-4C28-8CAD-3093009AD0BA}.Debug|x86.ActiveCfg = Debug|x86
		{FD4D7112-7040-4C28-8CAD-3093009AD0BA}.Debug|x86.Build.0 = Debug|x86
		{FD4D7112-7040-4C28-8CAD-3093009AD0BA}.Release|Any CPU.ActiveCfg = Release|Any CPU
		{FD4D7112-7040-4C28-8CAD-3093009AD0BA}.Release|Any CPU.Build.0 = Release|Any CPU
		{FD4D7112-7040-4C28-8CAD-3093009AD0BA}.Release|x64.ActiveCfg = Release|x64
		{FD4D7112-7040-4C28-8CAD-3093009AD0BA}.Release|x64.Build.0 = Release|x64
		{FD4D7112-7040-4C28-8CAD-3093009AD0BA}.Release|x86.ActiveCfg = Release|x86
		{FD4D7112-7040-4C28-8CAD-3093009AD0BA}.Release|x86.Build.0 = Release|x86
		{B647A18D-61CD-4C6F-BAC3-B18D22294508}.Debug|Any CPU.ActiveCfg = Debug|Any CPU
		{B647A18D-61CD-4C6F-BAC3-B18D22294508}.Debug|Any CPU.Build.0 = Debug|Any CPU
		{B647A18D-61CD-4C6F-BAC3-B18D22294508}.Debug|x64.ActiveCfg = Debug|x64
		{B647A18D-61CD-4C6F-BAC3-B18D22294508}.Debug|x64.Build.0 = Debug|x64
		{B647A18D-61CD-4C6F-BAC3-B18D22294508}.Debug|x86.ActiveCfg = Debug|x86
		{B647A18D-61CD-4C6F-BAC3-B18D22294508}.Debug|x86.Build.0 = Debug|x86
		{B647A18D-61CD-4C6F-BAC3-B18D22294508}.Release|Any CPU.ActiveCfg = Release|Any CPU
		{B647A18D-61CD-4C6F-BAC3-B18D22294508}.Release|Any CPU.Build.0 = Release|Any CPU
		{B647A18D-61CD-4C6F-BAC3-B18D22294508}.Release|x64.ActiveCfg = Release|x64
		{B647A18D-61CD-4C6F-BAC3-B18D22294508}.Release|x64.Build.0 = Release|x64
		{B647A18D-61CD-4C6F-BAC3-B18D22294508}.Release|x86.ActiveCfg = Release|x86
		{B647A18D-61CD-4C6F-BAC3-B18D22294508}.Release|x86.Build.0 = Release|x86
	EndGlobalSection
EndGlobal
